
Microsoft Visual Studio Solution File, Format Version 12.00
# Visual Studio 2012
Project("{FAE04EC0-301F-11D3-BF4B-00C04F79EFBC}") = "TypeScriptHTMLApp1", "TypeScriptHTMLApp1.csproj", "{D7363A92-118A-4468-9810-6270A6B378A9}"
EndProject
Global
	GlobalSection(SolutionConfigurationPlatforms) = preSolution
		Debug|Any CPU = Debug|Any CPU
		Release|Any CPU = Release|Any CPU
	EndGlobalSection
	GlobalSection(ProjectConfigurationPlatforms) = postSolution
		{D7363A92-118A-4468-9810-6270A6B378A9}.Debug|Any CPU.ActiveCfg = Debug|Any CPU
		{D7363A92-118A-4468-9810-6270A6B378A9}.Debug|Any CPU.Build.0 = Debug|Any CPU
		{D7363A92-118A-4468-9810-6270A6B378A9}.Release|Any CPU.ActiveCfg = Release|Any CPU
		{D7363A92-118A-4468-9810-6270A6B378A9}.Release|Any CPU.Build.0 = Release|Any CPU
	EndGlobalSection
	GlobalSection(SolutionProperties) = preSolution
		HideSolutionNode = FALSE
	EndGlobalSection
EndGlobal
